{
  "version": "4",
  "specifiers": {
    "npm:react@19": "19.1.0"
  },
  "npm": {
    "react@19.1.0": {
      "integrity": "sha512-FS+XFBNvn3GTAWq26joslQgWNoFu08F4kl0J4CgdNKADkdSGXQyTCnKteIAJy96Br6YbpEU1LSzV5dYtjMkMDg=="
    }
  },
  "workspace": {
    "dependencies": [
      "npm:@deno/vite-plugin@^1.0.4",
      "npm:@types/react-dom@^19.0.4",
      "npm:@types/react@^19.0.10",
      "npm:@vitejs/plugin-react@^4.3.4",
      "npm:react-dom@19",
      "npm:react@19",
      "npm:vite@^6.1.1"
    ]
  }
}
